{
  "name": "JulienLeclercq_4_07032022",
  "lockfileVersion": 2,
  "requires": true,
  "packages": {
    "": {
      "devDependencies": {
        "formhandler.js": "^1.1.2"
      }
    },
    "node_modules/formhandler.js": {
      "version": "1.1.2",
      "resolved": "https://registry.npmjs.org/formhandler.js/-/formhandler.js-1.1.2.tgz",
      "integrity": "sha512-gwBrxra/YoyfNalE/WcKefi8I/6Mzb3Zeb1cg2PTJEuS0GTPwvPqmRvgKp4MVOjywpRotc5DqOFTD9wkfN3QXA==",
      "dev": true
    }
  },
  "dependencies": {
    "formhandler.js": {
      "version": "1.1.2",
      "resolved": "https://registry.npmjs.org/formhandler.js/-/formhandler.js-1.1.2.tgz",
      "integrity": "sha512-gwBrxra/YoyfNalE/WcKefi8I/6Mzb3Zeb1cg2PTJEuS0GTPwvPqmRvgKp4MVOjywpRotc5DqOFTD9wkfN3QXA==",
      "dev": true
    }
  }
}
